
Microsoft Visual Studio Solution File, Format Version 12.00
# Visual Studio 15
VisualStudioVersion = 15.0.28307.271
MinimumVisualStudioVersion = 10.0.40219.1
Project("{9A19103F-16F7-4668-BE54-9A1E7A4F7556}") = "SimpleBlog.API", "SimpleBlog.API\SimpleBlog.API.csproj", "{209B2AC9-CC1B-41C5-A7B5-78CE00F177CC}"
EndProject
Project("{9A19103F-16F7-4668-BE54-9A1E7A4F7556}") = "SimpleBlog.API.Tests", "SimpleBlog.API.Tests\SimpleBlog.API.Tests.csproj", "{31CC2871-4825-4AD9-8E0F-4EFF1853EF15}"
EndProject
Project("{9A19103F-16F7-4668-BE54-9A1E7A4F7556}") = "SimpleBlog.FrontEnd", "SimpleBlog.FrontEnd\SimpleBlog.FrontEnd.csproj", "{C958B181-500E-4783-9508-2E0DF4A62671}"
EndProject
Global
	GlobalSection(SolutionConfigurationPlatforms) = preSolution
		Debug|Any CPU = Debug|Any CPU
		Release|Any CPU = Release|Any CPU
	EndGlobalSection
	GlobalSection(ProjectConfigurationPlatforms) = postSolution
		{209B2AC9-CC1B-41C5-A7B5-78CE00F177CC}.Debug|Any CPU.ActiveCfg = Debug|Any CPU
		{209B2AC9-CC1B-41C5-A7B5-78CE00F177CC}.Debug|Any CPU.Build.0 = Debug|Any CPU
		{209B2AC9-CC1B-41C5-A7B5-78CE00F177CC}.Release|Any CPU.ActiveCfg = Release|Any CPU
		{209B2AC9-CC1B-41C5-A7B5-78CE00F177CC}.Release|Any CPU.Build.0 = Release|Any CPU
		{31CC2871-4825-4AD9-8E0F-4EFF1853EF15}.Debug|Any CPU.ActiveCfg = Debug|Any CPU
		{31CC2871-4825-4AD9-8E0F-4EFF1853EF15}.Debug|Any CPU.Build.0 = Debug|Any CPU
		{31CC2871-4825-4AD9-8E0F-4EFF1853EF15}.Release|Any CPU.ActiveCfg = Release|Any CPU
		{31CC2871-4825-4AD9-8E0F-4EFF1853EF15}.Release|Any CPU.Build.0 = Release|Any CPU
		{C958B181-500E-4783-9508-2E0DF4A62671}.Debug|Any CPU.ActiveCfg = Debug|Any CPU
		{C958B181-500E-4783-9508-2E0DF4A62671}.Debug|Any CPU.Build.0 = Debug|Any CPU
		{C958B181-500E-4783-9508-2E0DF4A62671}.Release|Any CPU.ActiveCfg = Release|Any CPU
		{C958B181-500E-4783-9508-2E0DF4A62671}.Release|Any CPU.Build.0 = Release|Any CPU
	EndGlobalSection
	GlobalSection(SolutionProperties) = preSolution
		HideSolutionNode = FALSE
	EndGlobalSection
	GlobalSection(ExtensibilityGlobals) = postSolution
		SolutionGuid = {F8EAC353-09C5-4D4C-A74C-7F364918C378}
	EndGlobalSection
EndGlobal
